
Microsoft Visual Studio Solution File, Format Version 12.00
# Visual Studio Version 16
VisualStudioVersion = 16.0.31313.79
MinimumVisualStudioVersion = 10.0.40219.1
Project("{FAE04EC0-301F-11D3-BF4B-00C04F79EFBC}") = "01_Types", "01_Types\01_Types.csproj", "{C99C72BD-97A4-47E2-9BAD-D03E26F61528}"
EndProject
Global
	GlobalSection(SolutionConfigurationPlatforms) = preSolution
		Debug|Any CPU = Debug|Any CPU
		Release|Any CPU = Release|Any CPU
	EndGlobalSection
	GlobalSection(ProjectConfigurationPlatforms) = postSolution
		{C99C72BD-97A4-47E2-9BAD-D03E26F61528}.Debug|Any CPU.ActiveCfg = Debug|Any CPU
		{C99C72BD-97A4-47E2-9BAD-D03E26F61528}.Debug|Any CPU.Build.0 = Debug|Any CPU
		{C99C72BD-97A4-47E2-9BAD-D03E26F61528}.Release|Any CPU.ActiveCfg = Release|Any CPU
		{C99C72BD-97A4-47E2-9BAD-D03E26F61528}.Release|Any CPU.Build.0 = Release|Any CPU
	EndGlobalSection
	GlobalSection(SolutionProperties) = preSolution
		HideSolutionNode = FALSE
	EndGlobalSection
	GlobalSection(ExtensibilityGlobals) = postSolution
		SolutionGuid = {7A4D4F02-6390-4BBA-9364-BDA63B6709DE}
	EndGlobalSection
EndGlobal
