
Microsoft Visual Studio Solution File, Format Version 12.00
# Visual Studio Version 16
VisualStudioVersion = 16.0.31727.386
MinimumVisualStudioVersion = 10.0.40219.1
Project("{FAE04EC0-301F-11D3-BF4B-00C04F79EFBC}") = "ProductRecall.WebMVC", "ProductRecall.WebMVC\ProductRecall.WebMVC.csproj", "{1A8938EE-FFEC-48EF-A269-28CB2247FC9B}"
EndProject
Project("{FAE04EC0-301F-11D3-BF4B-00C04F79EFBC}") = "ProductRecall.Data", "ProductRecall.Data\ProductRecall.Data.csproj", "{50E63BD7-7FF1-4DCC-BF2D-B493CD07DBEC}"
EndProject
Project("{FAE04EC0-301F-11D3-BF4B-00C04F79EFBC}") = "ProductRecall.Models", "ProductRecall.Models\ProductRecall.Models.csproj", "{D74A4F89-C978-4F88-8405-97E7DF15ED17}"
EndProject
Project("{FAE04EC0-301F-11D3-BF4B-00C04F79EFBC}") = "ProductRecall.Services", "ProductRecall.Services\ProductRecall.Services.csproj", "{E985714F-7D16-4E8C-9D8E-5032F5AA9AB7}"
EndProject
Project("{FAE04EC0-301F-11D3-BF4B-00C04F79EFBC}") = "ProductRecall.Contracts", "ProductRecall.Contracts\ProductRecall.Contracts.csproj", "{66E753E1-D08B-4417-9499-104EC5CABADC}"
EndProject
Project("{FAE04EC0-301F-11D3-BF4B-00C04F79EFBC}") = "ProductRecall.Tests", "ProductRecall.Tests\ProductRecall.Tests.csproj", "{BA745001-41C4-4F75-9DF8-DC4A3B2C8C30}"
EndProject
Global
	GlobalSection(SolutionConfigurationPlatforms) = preSolution
		Debug|Any CPU = Debug|Any CPU
		Release|Any CPU = Release|Any CPU
	EndGlobalSection
	GlobalSection(ProjectConfigurationPlatforms) = postSolution
		{1A8938EE-FFEC-48EF-A269-28CB2247FC9B}.Debug|Any CPU.ActiveCfg = Debug|Any CPU
		{1A8938EE-FFEC-48EF-A269-28CB2247FC9B}.Debug|Any CPU.Build.0 = Debug|Any CPU
		{1A8938EE-FFEC-48EF-A269-28CB2247FC9B}.Release|Any CPU.ActiveCfg = Release|Any CPU
		{1A8938EE-FFEC-48EF-A269-28CB2247FC9B}.Release|Any CPU.Build.0 = Release|Any CPU
		{50E63BD7-7FF1-4DCC-BF2D-B493CD07DBEC}.Debug|Any CPU.ActiveCfg = Debug|Any CPU
		{50E63BD7-7FF1-4DCC-BF2D-B493CD07DBEC}.Debug|Any CPU.Build.0 = Debug|Any CPU
		{50E63BD7-7FF1-4DCC-BF2D-B493CD07DBEC}.Release|Any CPU.ActiveCfg = Release|Any CPU
		{50E63BD7-7FF1-4DCC-BF2D-B493CD07DBEC}.Release|Any CPU.Build.0 = Release|Any CPU
		{D74A4F89-C978-4F88-8405-97E7DF15ED17}.Debug|Any CPU.ActiveCfg = Debug|Any CPU
		{D74A4F89-C978-4F88-8405-97E7DF15ED17}.Debug|Any CPU.Build.0 = Debug|Any CPU
		{D74A4F89-C978-4F88-8405-97E7DF15ED17}.Release|Any CPU.ActiveCfg = Release|Any CPU
		{D74A4F89-C978-4F88-8405-97E7DF15ED17}.Release|Any CPU.Build.0 = Release|Any CPU
		{E985714F-7D16-4E8C-9D8E-5032F5AA9AB7}.Debug|Any CPU.ActiveCfg = Debug|Any CPU
		{E985714F-7D16-4E8C-9D8E-5032F5AA9AB7}.Debug|Any CPU.Build.0 = Debug|Any CPU
		{E985714F-7D16-4E8C-9D8E-5032F5AA9AB7}.Release|Any CPU.ActiveCfg = Release|Any CPU
		{E985714F-7D16-4E8C-9D8E-5032F5AA9AB7}.Release|Any CPU.Build.0 = Release|Any CPU
		{66E753E1-D08B-4417-9499-104EC5CABADC}.Debug|Any CPU.ActiveCfg = Debug|Any CPU
		{66E753E1-D08B-4417-9499-104EC5CABADC}.Debug|Any CPU.Build.0 = Debug|Any CPU
		{66E753E1-D08B-4417-9499-104EC5CABADC}.Release|Any CPU.ActiveCfg = Release|Any CPU
		{66E753E1-D08B-4417-9499-104EC5CABADC}.Release|Any CPU.Build.0 = Release|Any CPU
		{BA745001-41C4-4F75-9DF8-DC4A3B2C8C30}.Debug|Any CPU.ActiveCfg = Debug|Any CPU
		{BA745001-41C4-4F75-9DF8-DC4A3B2C8C30}.Debug|Any CPU.Build.0 = Debug|Any CPU
		{BA745001-41C4-4F75-9DF8-DC4A3B2C8C30}.Release|Any CPU.ActiveCfg = Release|Any CPU
		{BA745001-41C4-4F75-9DF8-DC4A3B2C8C30}.Release|Any CPU.Build.0 = Release|Any CPU
	EndGlobalSection
	GlobalSection(SolutionProperties) = preSolution
		HideSolutionNode = FALSE
	EndGlobalSection
	GlobalSection(ExtensibilityGlobals) = postSolution
		SolutionGuid = {444BF942-E12D-4F72-8095-0CFD455CE57F}
	EndGlobalSection
EndGlobal
