
Microsoft Visual Studio Solution File, Format Version 12.00
# Visual Studio Version 16
VisualStudioVersion = 16.0.31321.278
MinimumVisualStudioVersion = 10.0.40219.1
Project("{FAE04EC0-301F-11D3-BF4B-00C04F79EFBC}") = "72HourAssignment.WebApi", "72HourAssignment.WebApi\72HourAssignment.WebApi.csproj", "{1F89A733-22AD-4F4B-B2FB-063F9696A8E8}"
EndProject
Project("{FAE04EC0-301F-11D3-BF4B-00C04F79EFBC}") = "72HourAssignment.Data", "72HourAssignment.Data\72HourAssignment.Data.csproj", "{81D484B0-10B0-471A-AC87-B3D3DCC91774}"
EndProject
Project("{FAE04EC0-301F-11D3-BF4B-00C04F79EFBC}") = "72HourAssignment.Models", "72HourAssignment.Models\72HourAssignment.Models.csproj", "{BF3CD201-1958-4A82-A310-6C3D53978B5C}"
EndProject
Project("{FAE04EC0-301F-11D3-BF4B-00C04F79EFBC}") = "72HourAssignment.Services", "72HourAssignment.Services\72HourAssignment.Services.csproj", "{08EE4545-D2D2-4CEB-B3F2-BADEEF56DA86}"
EndProject
Global
	GlobalSection(SolutionConfigurationPlatforms) = preSolution
		Debug|Any CPU = Debug|Any CPU
		Release|Any CPU = Release|Any CPU
	EndGlobalSection
	GlobalSection(ProjectConfigurationPlatforms) = postSolution
		{1F89A733-22AD-4F4B-B2FB-063F9696A8E8}.Debug|Any CPU.ActiveCfg = Debug|Any CPU
		{1F89A733-22AD-4F4B-B2FB-063F9696A8E8}.Debug|Any CPU.Build.0 = Debug|Any CPU
		{1F89A733-22AD-4F4B-B2FB-063F9696A8E8}.Release|Any CPU.ActiveCfg = Release|Any CPU
		{1F89A733-22AD-4F4B-B2FB-063F9696A8E8}.Release|Any CPU.Build.0 = Release|Any CPU
		{81D484B0-10B0-471A-AC87-B3D3DCC91774}.Debug|Any CPU.ActiveCfg = Debug|Any CPU
		{81D484B0-10B0-471A-AC87-B3D3DCC91774}.Debug|Any CPU.Build.0 = Debug|Any CPU
		{81D484B0-10B0-471A-AC87-B3D3DCC91774}.Release|Any CPU.ActiveCfg = Release|Any CPU
		{81D484B0-10B0-471A-AC87-B3D3DCC91774}.Release|Any CPU.Build.0 = Release|Any CPU
		{BF3CD201-1958-4A82-A310-6C3D53978B5C}.Debug|Any CPU.ActiveCfg = Debug|Any CPU
		{BF3CD201-1958-4A82-A310-6C3D53978B5C}.Debug|Any CPU.Build.0 = Debug|Any CPU
		{BF3CD201-1958-4A82-A310-6C3D53978B5C}.Release|Any CPU.ActiveCfg = Release|Any CPU
		{BF3CD201-1958-4A82-A310-6C3D53978B5C}.Release|Any CPU.Build.0 = Release|Any CPU
		{08EE4545-D2D2-4CEB-B3F2-BADEEF56DA86}.Debug|Any CPU.ActiveCfg = Debug|Any CPU
		{08EE4545-D2D2-4CEB-B3F2-BADEEF56DA86}.Debug|Any CPU.Build.0 = Debug|Any CPU
		{08EE4545-D2D2-4CEB-B3F2-BADEEF56DA86}.Release|Any CPU.ActiveCfg = Release|Any CPU
		{08EE4545-D2D2-4CEB-B3F2-BADEEF56DA86}.Release|Any CPU.Build.0 = Release|Any CPU
	EndGlobalSection
	GlobalSection(SolutionProperties) = preSolution
		HideSolutionNode = FALSE
	EndGlobalSection
	GlobalSection(ExtensibilityGlobals) = postSolution
		SolutionGuid = {3B0DC055-5DD0-4335-AEB8-49CD50729EA0}
	EndGlobalSection
EndGlobal
