
Microsoft Visual Studio Solution File, Format Version 12.00
# Visual Studio Version 16
VisualStudioVersion = 16.0.31321.278
MinimumVisualStudioVersion = 10.0.40219.1
Project("{FAE04EC0-301F-11D3-BF4B-00C04F79EFBC}") = "IntroToAPI", "IntroToAPI\IntroToAPI.csproj", "{15F8DD7B-589E-447F-AA21-F91CB3881CDB}"
EndProject
Global
	GlobalSection(SolutionConfigurationPlatforms) = preSolution
		Debug|Any CPU = Debug|Any CPU
		Release|Any CPU = Release|Any CPU
	EndGlobalSection
	GlobalSection(ProjectConfigurationPlatforms) = postSolution
		{15F8DD7B-589E-447F-AA21-F91CB3881CDB}.Debug|Any CPU.ActiveCfg = Debug|Any CPU
		{15F8DD7B-589E-447F-AA21-F91CB3881CDB}.Debug|Any CPU.Build.0 = Debug|Any CPU
		{15F8DD7B-589E-447F-AA21-F91CB3881CDB}.Release|Any CPU.ActiveCfg = Release|Any CPU
		{15F8DD7B-589E-447F-AA21-F91CB3881CDB}.Release|Any CPU.Build.0 = Release|Any CPU
	EndGlobalSection
	GlobalSection(SolutionProperties) = preSolution
		HideSolutionNode = FALSE
	EndGlobalSection
	GlobalSection(ExtensibilityGlobals) = postSolution
		SolutionGuid = {81386A42-2690-4CA2-94F0-6B7733518444}
	EndGlobalSection
EndGlobal
