
Microsoft Visual Studio Solution File, Format Version 12.00
# Visual Studio Version 16
VisualStudioVersion = 16.0.31321.278
MinimumVisualStudioVersion = 10.0.40219.1
Project("{FAE04EC0-301F-11D3-BF4B-00C04F79EFBC}") = "Collections", "Collections\Collections.csproj", "{DE54E192-E16B-42A5-ABB5-5A63ED13119E}"
EndProject
Global
	GlobalSection(SolutionConfigurationPlatforms) = preSolution
		Debug|Any CPU = Debug|Any CPU
		Release|Any CPU = Release|Any CPU
	EndGlobalSection
	GlobalSection(ProjectConfigurationPlatforms) = postSolution
		{DE54E192-E16B-42A5-ABB5-5A63ED13119E}.Debug|Any CPU.ActiveCfg = Debug|Any CPU
		{DE54E192-E16B-42A5-ABB5-5A63ED13119E}.Debug|Any CPU.Build.0 = Debug|Any CPU
		{DE54E192-E16B-42A5-ABB5-5A63ED13119E}.Release|Any CPU.ActiveCfg = Release|Any CPU
		{DE54E192-E16B-42A5-ABB5-5A63ED13119E}.Release|Any CPU.Build.0 = Release|Any CPU
	EndGlobalSection
	GlobalSection(SolutionProperties) = preSolution
		HideSolutionNode = FALSE
	EndGlobalSection
	GlobalSection(ExtensibilityGlobals) = postSolution
		SolutionGuid = {EA0C2F8D-B36E-4D15-99D8-A202BCC24FD7}
	EndGlobalSection
EndGlobal
