
Microsoft Visual Studio Solution File, Format Version 12.00
# Visual Studio Version 16
VisualStudioVersion = 16.0.31321.278
MinimumVisualStudioVersion = 10.0.40219.1
Project("{FAE04EC0-301F-11D3-BF4B-00C04F79EFBC}") = "HelloWorld", "HelloWorld\HelloWorld.csproj", "{0A338113-51A1-4616-B74D-35EBED4D6474}"
EndProject
Global
	GlobalSection(SolutionConfigurationPlatforms) = preSolution
		Debug|Any CPU = Debug|Any CPU
		Release|Any CPU = Release|Any CPU
	EndGlobalSection
	GlobalSection(ProjectConfigurationPlatforms) = postSolution
		{0A338113-51A1-4616-B74D-35EBED4D6474}.Debug|Any CPU.ActiveCfg = Debug|Any CPU
		{0A338113-51A1-4616-B74D-35EBED4D6474}.Debug|Any CPU.Build.0 = Debug|Any CPU
		{0A338113-51A1-4616-B74D-35EBED4D6474}.Release|Any CPU.ActiveCfg = Release|Any CPU
		{0A338113-51A1-4616-B74D-35EBED4D6474}.Release|Any CPU.Build.0 = Release|Any CPU
	EndGlobalSection
	GlobalSection(SolutionProperties) = preSolution
		HideSolutionNode = FALSE
	EndGlobalSection
	GlobalSection(ExtensibilityGlobals) = postSolution
		SolutionGuid = {69C4EF7B-E232-4AC9-9E94-4BDDF11DD00D}
	EndGlobalSection
EndGlobal
