
Microsoft Visual Studio Solution File, Format Version 12.00
# Visual Studio Version 16
VisualStudioVersion = 16.0.31321.278
MinimumVisualStudioVersion = 10.0.40219.1
Project("{FAE04EC0-301F-11D3-BF4B-00C04F79EFBC}") = "RestaurantRater", "ReastaurantRater\RestaurantRater.csproj", "{6354E164-5DA1-4006-955D-9CB2857E03CB}"
EndProject
Global
	GlobalSection(SolutionConfigurationPlatforms) = preSolution
		Debug|Any CPU = Debug|Any CPU
		Release|Any CPU = Release|Any CPU
	EndGlobalSection
	GlobalSection(ProjectConfigurationPlatforms) = postSolution
		{6354E164-5DA1-4006-955D-9CB2857E03CB}.Debug|Any CPU.ActiveCfg = Debug|Any CPU
		{6354E164-5DA1-4006-955D-9CB2857E03CB}.Debug|Any CPU.Build.0 = Debug|Any CPU
		{6354E164-5DA1-4006-955D-9CB2857E03CB}.Release|Any CPU.ActiveCfg = Release|Any CPU
		{6354E164-5DA1-4006-955D-9CB2857E03CB}.Release|Any CPU.Build.0 = Release|Any CPU
	EndGlobalSection
	GlobalSection(SolutionProperties) = preSolution
		HideSolutionNode = FALSE
	EndGlobalSection
	GlobalSection(ExtensibilityGlobals) = postSolution
		SolutionGuid = {55F5C662-F2CF-41DC-AE30-092D97F67C10}
	EndGlobalSection
EndGlobal
